// !$*UTF8*$!
{
	archiveVersion = 1;
	classes = {
	};
	objectVersion = 46;
	objects = {

/* Begin PBXBuildFile section */
		0F2B33531DCCD115005C8B73 /* libfriz.a in Frameworks */ = {isa = PBXBuildFile; fileRef = 0F2B33521DCCD115005C8B73 /* libfriz.a */; };
		0F7A8AD71DCCB56F00E06657 /* Security.framework in Frameworks */ = {isa = PBXBuildFile; fileRef = 0F7A8AD61DCCB56F00E06657 /* Security.framework */; };
		0F7A8AD91DCCB57500E06657 /* Foundation.framework in Frameworks */ = {isa = PBXBuildFile; fileRef = 0F7A8AD81DCCB57500E06657 /* Foundation.framework */; };
		0F7A8ADC1DCCB8E100E06657 /* libcrypto.a in Frameworks */ = {isa = PBXBuildFile; fileRef = 0F7A8ADA1DCCB8E100E06657 /* libcrypto.a */; };
		0F7A8ADD1DCCB8E100E06657 /* libssl.a in Frameworks */ = {isa = PBXBuildFile; fileRef = 0F7A8ADB1DCCB8E100E06657 /* libssl.a */; };
		6AE3471C1D7B182300B3A49A /* AppDelegate.swift in Sources */ = {isa = PBXBuildFile; fileRef = 6AE3471B1D7B182300B3A49A /* AppDelegate.swift */; };
		6AE3471E1D7B182300B3A49A /* ViewController.swift in Sources */ = {isa = PBXBuildFile; fileRef = 6AE3471D1D7B182300B3A49A /* ViewController.swift */; };
		6AE347211D7B182300B3A49A /* Main.storyboard in Resources */ = {isa = PBXBuildFile; fileRef = 6AE3471F1D7B182300B3A49A /* Main.storyboard */; };
		6AE347231D7B182300B3A49A /* Assets.xcassets in Resources */ = {isa = PBXBuildFile; fileRef = 6AE347221D7B182300B3A49A /* Assets.xcassets */; };
		6AE347261D7B182300B3A49A /* LaunchScreen.storyboard in Resources */ = {isa = PBXBuildFile; fileRef = 6AE347241D7B182300B3A49A /* LaunchScreen.storyboard */; };
/* End PBXBuildFile section */

/* Begin PBXFileReference section */
		0F2B33521DCCD115005C8B73 /* libfriz.a */ = {isa = PBXFileReference; lastKnownFileType = archive.ar; path = libfriz.a; sourceTree = "<group>"; };
		0F7A8AD61DCCB56F00E06657 /* Security.framework */ = {isa = PBXFileReference; lastKnownFileType = wrapper.framework; name = Security.framework; path = System/Library/Frameworks/Security.framework; sourceTree = SDKROOT; };
		0F7A8AD81DCCB57500E06657 /* Foundation.framework */ = {isa = PBXFileReference; lastKnownFileType = wrapper.framework; name = Foundation.framework; path = System/Library/Frameworks/Foundation.framework; sourceTree = SDKROOT; };
		0F7A8ADA1DCCB8E100E06657 /* libcrypto.a */ = {isa = PBXFileReference; lastKnownFileType = archive.ar; path = libcrypto.a; sourceTree = "<group>"; };
		0F7A8ADB1DCCB8E100E06657 /* libssl.a */ = {isa = PBXFileReference; lastKnownFileType = archive.ar; path = libssl.a; sourceTree = "<group>"; };
		6ACE48071DA811E400457102 /* friz.h */ = {isa = PBXFileReference; lastKnownFileType = sourcecode.c.h; path = friz.h; sourceTree = "<group>"; };
		6ACE480A1DA812AF00457102 /* Friz-Bridging-Header.h */ = {isa = PBXFileReference; lastKnownFileType = sourcecode.c.h; path = "Friz-Bridging-Header.h"; sourceTree = "<group>"; };
		6AE347181D7B182300B3A49A /* Friz.app */ = {isa = PBXFileReference; explicitFileType = wrapper.application; includeInIndex = 0; path = Friz.app; sourceTree = BUILT_PRODUCTS_DIR; };
		6AE3471B1D7B182300B3A49A /* AppDelegate.swift */ = {isa = PBXFileReference; lastKnownFileType = sourcecode.swift; path = AppDelegate.swift; sourceTree = "<group>"; };
		6AE3471D1D7B182300B3A49A /* ViewController.swift */ = {isa = PBXFileReference; lastKnownFileType = sourcecode.swift; path = ViewController.swift; sourceTree = "<group>"; };
		6AE347201D7B182300B3A49A /* Base */ = {isa = PBXFileReference; lastKnownFileType = file.storyboard; name = Base; path = Base.lproj/Main.storyboard; sourceTree = "<group>"; };
		6AE347221D7B182300B3A49A /* Assets.xcassets */ = {isa = PBXFileReference; lastKnownFileType = folder.assetcatalog; path = Assets.xcassets; sourceTree = "<group>"; };
		6AE347251D7B182300B3A49A /* Base */ = {isa = PBXFileReference; lastKnownFileType = file.storyboard; name = Base; path = Base.lproj/LaunchScreen.storyboard; sourceTree = "<group>"; };
		6AE347271D7B182300B3A49A /* Info.plist */ = {isa = PBXFileReference; lastKnownFileType = text.plist.xml; path = Info.plist; sourceTree = "<group>"; };
/* End PBXFileReference section */

/* Begin PBXFrameworksBuildPhase section */
		6AE347151D7B182300B3A49A /* Frameworks */ = {
			isa = PBXFrameworksBuildPhase;
			buildActionMask = 2147483647;
			files = (
				0F7A8ADD1DCCB8E100E06657 /* libssl.a in Frameworks */,
				0F7A8AD91DCCB57500E06657 /* Foundation.framework in Frameworks */,
				0F7A8AD71DCCB56F00E06657 /* Security.framework in Frameworks */,
				0F2B33531DCCD115005C8B73 /* libfriz.a in Frameworks */,
				0F7A8ADC1DCCB8E100E06657 /* libcrypto.a in Frameworks */,
			);
			runOnlyForDeploymentPostprocessing = 0;
		};
/* End PBXFrameworksBuildPhase section */

/* Begin PBXGroup section */
		0F7A8AD51DCCB56F00E06657 /* Frameworks */ = {
			isa = PBXGroup;
			children = (
				0F7A8AD81DCCB57500E06657 /* Foundation.framework */,
				0F7A8AD61DCCB56F00E06657 /* Security.framework */,
			);
			name = Frameworks;
			sourceTree = "<group>";
		};
		6AE3470F1D7B182300B3A49A = {
			isa = PBXGroup;
			children = (
				6AE3471A1D7B182300B3A49A /* Friz */,
				6AE347191D7B182300B3A49A /* Products */,
				0F7A8AD51DCCB56F00E06657 /* Frameworks */,
			);
			sourceTree = "<group>";
		};
		6AE347191D7B182300B3A49A /* Products */ = {
			isa = PBXGroup;
			children = (
				6AE347181D7B182300B3A49A /* Friz.app */,
			);
			name = Products;
			sourceTree = "<group>";
		};
		6AE3471A1D7B182300B3A49A /* Friz */ = {
			isa = PBXGroup;
			children = (
				6AE3471B1D7B182300B3A49A /* AppDelegate.swift */,
				6AE3471D1D7B182300B3A49A /* ViewController.swift */,
				6AE3471F1D7B182300B3A49A /* Main.storyboard */,
				6AE347221D7B182300B3A49A /* Assets.xcassets */,
				6AE347241D7B182300B3A49A /* LaunchScreen.storyboard */,
				0F7A8ADA1DCCB8E100E06657 /* libcrypto.a */,
				0F7A8ADB1DCCB8E100E06657 /* libssl.a */,
				0F2B33521DCCD115005C8B73 /* libfriz.a */,
				6ACE48071DA811E400457102 /* friz.h */,
				6AE347271D7B182300B3A49A /* Info.plist */,
				6ACE480A1DA812AF00457102 /* Friz-Bridging-Header.h */,
			);
			path = Friz;
			sourceTree = "<group>";
		};
/* End PBXGroup section */

/* Begin PBXNativeTarget section */
		6AE347171D7B182300B3A49A /* Friz */ = {
			isa = PBXNativeTarget;
			buildConfigurationList = 6AE3472A1D7B182300B3A49A /* Build configuration list for PBXNativeTarget "Friz" */;
			buildPhases = (
				6AE347141D7B182300B3A49A /* Sources */,
				6AE347151D7B182300B3A49A /* Frameworks */,
				6AE347161D7B182300B3A49A /* Resources */,
			);
			buildRules = (
			);
			dependencies = (
			);
			name = Friz;
			productName = Friz;
			productReference = 6AE347181D7B182300B3A49A /* Friz.app */;
			productType = "com.apple.product-type.application";
		};
/* End PBXNativeTarget section */

/* Begin PBXProject section */
		6AE347101D7B182300B3A49A /* Project object */ = {
			isa = PBXProject;
			attributes = {
				LastSwiftUpdateCheck = 0730;
				LastUpgradeCheck = 0730;
				ORGANIZATIONNAME = RyanLevick;
				TargetAttributes = {
					6AE347171D7B182300B3A49A = {
						CreatedOnToolsVersion = 7.3.1;
					};
				};
			};
			buildConfigurationList = 6AE347131D7B182300B3A49A /* Build configuration list for PBXProject "Friz" */;
			compatibilityVersion = "Xcode 3.2";
			developmentRegion = English;
			hasScannedForEncodings = 0;
			knownRegions = (
				en,
				Base,
			);
			mainGroup = 6AE3470F1D7B182300B3A49A;
			productRefGroup = 6AE347191D7B182300B3A49A /* Products */;
			projectDirPath = "";
			projectRoot = "";
			targets = (
				6AE347171D7B182300B3A49A /* Friz */,
			);
		};
/* End PBXProject section */

/* Begin PBXResourcesBuildPhase section */
		6AE347161D7B182300B3A49A /* Resources */ = {
			isa = PBXResourcesBuildPhase;
			buildActionMask = 2147483647;
			files = (
				6AE347261D7B182300B3A49A /* LaunchScreen.storyboard in Resources */,
				6AE347231D7B182300B3A49A /* Assets.xcassets in Resources */,
				6AE347211D7B182300B3A49A /* Main.storyboard in Resources */,
			);
			runOnlyForDeploymentPostprocessing = 0;
		};
/* End PBXResourcesBuildPhase section */

/* Begin PBXSourcesBuildPhase section */
		6AE347141D7B182300B3A49A /* Sources */ = {
			isa = PBXSourcesBuildPhase;
			buildActionMask = 2147483647;
			files = (
				6AE3471E1D7B182300B3A49A /* ViewController.swift in Sources */,
				6AE3471C1D7B182300B3A49A /* AppDelegate.swift in Sources */,
			);
			runOnlyForDeploymentPostprocessing = 0;
		};
/* End PBXSourcesBuildPhase section */

/* Begin PBXVariantGroup section */
		6AE3471F1D7B182300B3A49A /* Main.storyboard */ = {
			isa = PBXVariantGroup;
			children = (
				6AE347201D7B182300B3A49A /* Base */,
			);
			name = Main.storyboard;
			sourceTree = "<group>";
		};
		6AE347241D7B182300B3A49A /* LaunchScreen.storyboard */ = {
			isa = PBXVariantGroup;
			children = (
				6AE347251D7B182300B3A49A /* Base */,
			);
			name = LaunchScreen.storyboard;
			sourceTree = "<group>";
		};
/* End PBXVariantGroup section */

/* Begin XCBuildConfiguration section */
		6AE347281D7B182300B3A49A /* Debug */ = {
			isa = XCBuildConfiguration;
			buildSettings = {
				ALWAYS_SEARCH_USER_PATHS = NO;
				CLANG_ANALYZER_NONNULL = YES;
				CLANG_CXX_LANGUAGE_STANDARD = "gnu++0x";
				CLANG_CXX_LIBRARY = "libc++";
				CLANG_ENABLE_MODULES = YES;
				CLANG_ENABLE_OBJC_ARC = YES;
				CLANG_WARN_BOOL_CONVERSION = YES;
				CLANG_WARN_CONSTANT_CONVERSION = YES;
				CLANG_WARN_DIRECT_OBJC_ISA_USAGE = YES_ERROR;
				CLANG_WARN_EMPTY_BODY = YES;
				CLANG_WARN_ENUM_CONVERSION = YES;
				CLANG_WARN_INT_CONVERSION = YES;
				CLANG_WARN_OBJC_ROOT_CLASS = YES_ERROR;
				CLANG_WARN_UNREACHABLE_CODE = YES;
				CLANG_WARN__DUPLICATE_METHOD_MATCH = YES;
				"CODE_SIGN_IDENTITY[sdk=iphoneos*]" = "iPhone Developer";
				COPY_PHASE_STRIP = NO;
				DEBUG_INFORMATION_FORMAT = dwarf;
				ENABLE_STRICT_OBJC_MSGSEND = YES;
				ENABLE_TESTABILITY = YES;
				GCC_C_LANGUAGE_STANDARD = gnu99;
				GCC_DYNAMIC_NO_PIC = NO;
				GCC_NO_COMMON_BLOCKS = YES;
				GCC_OPTIMIZATION_LEVEL = 0;
				GCC_PREPROCESSOR_DEFINITIONS = (
					"DEBUG=1",
					"$(inherited)",
				);
				GCC_WARN_64_TO_32_BIT_CONVERSION = YES;
				GCC_WARN_ABOUT_RETURN_TYPE = YES_ERROR;
				GCC_WARN_UNDECLARED_SELECTOR = YES;
				GCC_WARN_UNINITIALIZED_AUTOS = YES_AGGRESSIVE;
				GCC_WARN_UNUSED_FUNCTION = YES;
				GCC_WARN_UNUSED_VARIABLE = YES;
				IPHONEOS_DEPLOYMENT_TARGET = 9.3;
				MTL_ENABLE_DEBUG_INFO = YES;
				ONLY_ACTIVE_ARCH = YES;
				SDKROOT = iphoneos;
				SWIFT_OPTIMIZATION_LEVEL = "-Onone";
			};
			name = Debug;
		};
		6AE347291D7B182300B3A49A /* Release */ = {
			isa = XCBuildConfiguration;
			buildSettings = {
				ALWAYS_SEARCH_USER_PATHS = NO;
				CLANG_ANALYZER_NONNULL = YES;
				CLANG_CXX_LANGUAGE_STANDARD = "gnu++0x";
				CLANG_CXX_LIBRARY = "libc++";
				CLANG_ENABLE_MODULES = YES;
				CLANG_ENABLE_OBJC_ARC = YES;
				CLANG_WARN_BOOL_CONVERSION = YES;
				CLANG_WARN_CONSTANT_CONVERSION = YES;
				CLANG_WARN_DIRECT_OBJC_ISA_USAGE = YES_ERROR;
				CLANG_WARN_EMPTY_BODY = YES;
				CLANG_WARN_ENUM_CONVERSION = YES;
				CLANG_WARN_INT_CONVERSION = YES;
				CLANG_WARN_OBJC_ROOT_CLASS = YES_ERROR;
				CLANG_WARN_UNREACHABLE_CODE = YES;
				CLANG_WARN__DUPLICATE_METHOD_MATCH = YES;
				"CODE_SIGN_IDENTITY[sdk=iphoneos*]" = "iPhone Developer";
				COPY_PHASE_STRIP = NO;
				DEBUG_INFORMATION_FORMAT = "dwarf-with-dsym";
				ENABLE_NS_ASSERTIONS = NO;
				ENABLE_STRICT_OBJC_MSGSEND = YES;
				GCC_C_LANGUAGE_STANDARD = gnu99;
				GCC_NO_COMMON_BLOCKS = YES;
				GCC_WARN_64_TO_32_BIT_CONVERSION = YES;
				GCC_WARN_ABOUT_RETURN_TYPE = YES_ERROR;
				GCC_WARN_UNDECLARED_SELECTOR = YES;
				GCC_WARN_UNINITIALIZED_AUTOS = YES_AGGRESSIVE;
				GCC_WARN_UNUSED_FUNCTION = YES;
				GCC_WARN_UNUSED_VARIABLE = YES;
				IPHONEOS_DEPLOYMENT_TARGET = 9.3;
				MTL_ENABLE_DEBUG_INFO = NO;
				SDKROOT = iphoneos;
				VALIDATE_PRODUCT = YES;
			};
			name = Release;
		};
		6AE3472B1D7B182300B3A49A /* Debug */ = {
			isa = XCBuildConfiguration;
			buildSettings = {
				ASSETCATALOG_COMPILER_APPICON_NAME = AppIcon;
				CLANG_ENABLE_MODULES = YES;
				INFOPLIST_FILE = Friz/Info.plist;
				LD_RUNPATH_SEARCH_PATHS = "$(inherited) @executable_path/Frameworks";
				LIBRARY_SEARCH_PATHS = (
					"$(inherited)",
					"$(PROJECT_DIR)/Friz",
					"$(PROJECT_DIR)",
					/usr/local/Cellar/openssl/1.0.2j/lib/,
				);
				OTHER_LDFLAGS = (
					"-Xlinker",
					"-U",
					"-Xlinker",
					_readdir_r$INODE64,
					"-Xlinker",
					"-U",
					"-Xlinker",
					_opendir$INODE64,
					"-Xlinker",
					"-U",
					"-Xlinker",
					_readdir$INODE64,
				);
				PRODUCT_BUNDLE_IDENTIFIER = io.ryanlevick.Friz;
				PRODUCT_NAME = "$(TARGET_NAME)";
				SWIFT_OBJC_BRIDGING_HEADER = "Friz/Friz-Bridging-Header.h";
				SWIFT_OPTIMIZATION_LEVEL = "-Onone";
				SWIFT_VERSION = 2.3;
			};
			name = Debug;
		};
		6AE3472C1D7B182300B3A49A /* Release */ = {
			isa = XCBuildConfiguration;
			buildSettings = {
				ASSETCATALOG_COMPILER_APPICON_NAME = AppIcon;
				CLANG_ENABLE_MODULES = YES;
				INFOPLIST_FILE = Friz/Info.plist;
				LD_RUNPATH_SEARCH_PATHS = "$(inherited) @executable_path/Frameworks";
				LIBRARY_SEARCH_PATHS = (
					"$(inherited)",
					"$(PROJECT_DIR)/Friz",
					"$(PROJECT_DIR)",
					/usr/local/Cellar/openssl/1.0.2j/lib/,
				);
				OTHER_LDFLAGS = (
					"-Xlinker",
					"-U",
					"-Xlinker",
					_readdir_r$INODE64,
					"-Xlinker",
					"-U",
					"-Xlinker",
					_opendir$INODE64,
					"-Xlinker",
					"-U",
					"-Xlinker",
					_readdir$INODE64,
				);
				PRODUCT_BUNDLE_IDENTIFIER = io.ryanlevick.Friz;
				PRODUCT_NAME = "$(TARGET_NAME)";
				SWIFT_OBJC_BRIDGING_HEADER = "Friz/Friz-Bridging-Header.h";
				SWIFT_VERSION = 2.3;
			};
			name = Release;
		};
/* End XCBuildConfiguration section */

/* Begin XCConfigurationList section */
		6AE347131D7B182300B3A49A /* Build configuration list for PBXProject "Friz" */ = {
			isa = XCConfigurationList;
			buildConfigurations = (
				6AE347281D7B182300B3A49A /* Debug */,
				6AE347291D7B182300B3A49A /* Release */,
			);
			defaultConfigurationIsVisible = 0;
			defaultConfigurationName = Release;
		};
		6AE3472A1D7B182300B3A49A /* Build configuration list for PBXNativeTarget "Friz" */ = {
			isa = XCConfigurationList;
			buildConfigurations = (
				6AE3472B1D7B182300B3A49A /* Debug */,
				6AE3472C1D7B182300B3A49A /* Release */,
			);
			defaultConfigurationIsVisible = 0;
			defaultConfigurationName = Release;
		};
/* End XCConfigurationList section */
	};
	rootObject = 6AE347101D7B182300B3A49A /* Project object */;
}
